
Microsoft Visual Studio Solution File, Format Version 12.00
# Visual Studio 14
VisualStudioVersion = 14.0.25420.1
MinimumVisualStudioVersion = 10.0.40219.1
Project("{FAE04EC0-301F-11D3-BF4B-00C04F79EFBC}") = "Kontakte verschmelzen", "Kontakte verschmelzen\Kontakte verschmelzen.csproj", "{2A87E815-47E1-425D-B95F-F75E1FDA26F5}"
EndProject
Project("{2150E333-8FDC-42A3-9474-1A3956D46DE8}") = "Solution Items", "Solution Items", "{1D7C2324-6D37-4712-A6BB-FFEF4C376317}"
	ProjectSection(SolutionItems) = preProject
		E:\Eingang\dr.alles.vcf = E:\Eingang\dr.alles.vcf
		E:\Eingang\drmi.vcf = E:\Eingang\drmi.vcf
	EndProjectSection
EndProject
Global
	GlobalSection(SolutionConfigurationPlatforms) = preSolution
		Debug|Any CPU = Debug|Any CPU
		Release|Any CPU = Release|Any CPU
	EndGlobalSection
	GlobalSection(ProjectConfigurationPlatforms) = postSolution
		{2A87E815-47E1-425D-B95F-F75E1FDA26F5}.Debug|Any CPU.ActiveCfg = Debug|Any CPU
		{2A87E815-47E1-425D-B95F-F75E1FDA26F5}.Debug|Any CPU.Build.0 = Debug|Any CPU
		{2A87E815-47E1-425D-B95F-F75E1FDA26F5}.Release|Any CPU.ActiveCfg = Release|Any CPU
		{2A87E815-47E1-425D-B95F-F75E1FDA26F5}.Release|Any CPU.Build.0 = Release|Any CPU
	EndGlobalSection
	GlobalSection(SolutionProperties) = preSolution
		HideSolutionNode = FALSE
	EndGlobalSection
EndGlobal
